dependencies:
- name: memcached
  repository: https://charts.bitnami.com/bitnami
  version: 6.0.2
- name: redis
  repository: https://charts.bitnami.com/bitnami
  version: 16.3.0
digest: sha256:89ef1b3146c222cd13252a4cc40e99c1aa6729c8dfde9392891a93efca135791
generated: "2022-02-02T20:14:59.553925127Z"
