dependencies:
- name: memcached
  repository: https://charts.bitnami.com/bitnami
  version: 7.5.0
- name: redis
  repository: https://charts.bitnami.com/bitnami
  version: 17.11.3
digest: sha256:e624c52f771369900a203420ad309e0f397cbffa9b0c7539fc253eb3737728c6
generated: "2024-09-30T10:02:44.734052946Z"
